// !$*UTF8*$!
{
	archiveVersion = 1;
	classes = {
	};
	objectVersion = 50;
	objects = {

/* Begin PBXBuildFile section */
		E33984F72379FA6E00BA8CEA /* AppDelegate.swift in Sources */ = {isa = PBXBuildFile; fileRef = E33984F62379FA6E00BA8CEA /* AppDelegate.swift */; };
		E33984F92379FA6E00BA8CEA /* SceneDelegate.swift in Sources */ = {isa = PBXBuildFile; fileRef = E33984F82379FA6E00BA8CEA /* SceneDelegate.swift */; };
		E33984FE2379FA6E00BA8CEA /* Main.storyboard in Resources */ = {isa = PBXBuildFile; fileRef = E33984FC2379FA6E00BA8CEA /* Main.storyboard */; };
		E33985002379FA7100BA8CEA /* Assets.xcassets in Resources */ = {isa = PBXBuildFile; fileRef = E33984FF2379FA7100BA8CEA /* Assets.xcassets */; };
		E33985032379FA7100BA8CEA /* LaunchScreen.storyboard in Resources */ = {isa = PBXBuildFile; fileRef = E33985012379FA7100BA8CEA /* LaunchScreen.storyboard */; };
		E339850B2379FB5B00BA8CEA /* Crab.xcassets in Resources */ = {isa = PBXBuildFile; fileRef = E339850A2379FB5A00BA8CEA /* Crab.xcassets */; };
		E339850D2379FB8D00BA8CEA /* SKSpriteNode+Utility.swift in Sources */ = {isa = PBXBuildFile; fileRef = E339850C2379FB8D00BA8CEA /* SKSpriteNode+Utility.swift */; };
		E339850F2379FBB700BA8CEA /* Info.storyboard in Resources */ = {isa = PBXBuildFile; fileRef = E339850E2379FBB700BA8CEA /* Info.storyboard */; };
		E33985112379FBEF00BA8CEA /* Settings.swift in Sources */ = {isa = PBXBuildFile; fileRef = E33985102379FBEF00BA8CEA /* Settings.swift */; };
		E3398513237A08B900BA8CEA /* SettingsViewController.swift in Sources */ = {isa = PBXBuildFile; fileRef = E3398512237A08B900BA8CEA /* SettingsViewController.swift */; };
		E3398515237A08CE00BA8CEA /* GameViewController.swift in Sources */ = {isa = PBXBuildFile; fileRef = E3398514237A08CE00BA8CEA /* GameViewController.swift */; };
		E3398517237A08DA00BA8CEA /* InfoViewController.swift in Sources */ = {isa = PBXBuildFile; fileRef = E3398516237A08DA00BA8CEA /* InfoViewController.swift */; };
		E3398519237A5A2B00BA8CEA /* CustomScene.swift in Sources */ = {isa = PBXBuildFile; fileRef = E3398518237A5A2B00BA8CEA /* CustomScene.swift */; };
/* End PBXBuildFile section */

/* Begin PBXFileReference section */
		E33984F32379FA6E00BA8CEA /* xcode.contained.app */ = {isa = PBXFileReference; explicitFileType = wrapper.application; includeInIndex = 0; path = xcode.contained.app; sourceTree = BUILT_PRODUCTS_DIR; };
		E33984F62379FA6E00BA8CEA /* AppDelegate.swift */ = {isa = PBXFileReference; lastKnownFileType = sourcecode.swift; path = AppDelegate.swift; sourceTree = "<group>"; };
		E33984F82379FA6E00BA8CEA /* SceneDelegate.swift */ = {isa = PBXFileReference; lastKnownFileType = sourcecode.swift; path = SceneDelegate.swift; sourceTree = "<group>"; };
		E33984FD2379FA6E00BA8CEA /* Base */ = {isa = PBXFileReference; lastKnownFileType = file.storyboard; name = Base; path = Base.lproj/Main.storyboard; sourceTree = "<group>"; };
		E33984FF2379FA7100BA8CEA /* Assets.xcassets */ = {isa = PBXFileReference; lastKnownFileType = folder.assetcatalog; path = Assets.xcassets; sourceTree = "<group>"; };
		E33985022379FA7100BA8CEA /* Base */ = {isa = PBXFileReference; lastKnownFileType = file.storyboard; name = Base; path = Base.lproj/LaunchScreen.storyboard; sourceTree = "<group>"; };
		E33985042379FA7100BA8CEA /* Info.plist */ = {isa = PBXFileReference; lastKnownFileType = text.plist.xml; path = Info.plist; sourceTree = "<group>"; };
		E339850A2379FB5A00BA8CEA /* Crab.xcassets */ = {isa = PBXFileReference; lastKnownFileType = folder.assetcatalog; name = Crab.xcassets; path = ../../Contained/Crab.xcassets; sourceTree = "<group>"; };
		E339850C2379FB8D00BA8CEA /* SKSpriteNode+Utility.swift */ = {isa = PBXFileReference; fileEncoding = 4; lastKnownFileType = sourcecode.swift; name = "SKSpriteNode+Utility.swift"; path = "../../Contained/SKSpriteNode+Utility.swift"; sourceTree = "<group>"; };
		E339850E2379FBB700BA8CEA /* Info.storyboard */ = {isa = PBXFileReference; lastKnownFileType = file.storyboard; path = Info.storyboard; sourceTree = "<group>"; };
		E33985102379FBEF00BA8CEA /* Settings.swift */ = {isa = PBXFileReference; lastKnownFileType = sourcecode.swift; path = Settings.swift; sourceTree = "<group>"; };
		E3398512237A08B900BA8CEA /* SettingsViewController.swift */ = {isa = PBXFileReference; lastKnownFileType = sourcecode.swift; path = SettingsViewController.swift; sourceTree = "<group>"; };
		E3398514237A08CE00BA8CEA /* GameViewController.swift */ = {isa = PBXFileReference; lastKnownFileType = sourcecode.swift; path = GameViewController.swift; sourceTree = "<group>"; };
		E3398516237A08DA00BA8CEA /* InfoViewController.swift */ = {isa = PBXFileReference; lastKnownFileType = sourcecode.swift; path = InfoViewController.swift; sourceTree = "<group>"; };
		E3398518237A5A2B00BA8CEA /* CustomScene.swift */ = {isa = PBXFileReference; lastKnownFileType = sourcecode.swift; path = CustomScene.swift; sourceTree = "<group>"; };
/* End PBXFileReference section */

/* Begin PBXFrameworksBuildPhase section */
		E33984F02379FA6E00BA8CEA /* Frameworks */ = {
			isa = PBXFrameworksBuildPhase;
			buildActionMask = 2147483647;
			files = (
			);
			runOnlyForDeploymentPostprocessing = 0;
		};
/* End PBXFrameworksBuildPhase section */

/* Begin PBXGroup section */
		E33984EA2379FA6E00BA8CEA = {
			isa = PBXGroup;
			children = (
				E33984F52379FA6E00BA8CEA /* xcode.contained */,
				E33984F42379FA6E00BA8CEA /* Products */,
			);
			sourceTree = "<group>";
		};
		E33984F42379FA6E00BA8CEA /* Products */ = {
			isa = PBXGroup;
			children = (
				E33984F32379FA6E00BA8CEA /* xcode.contained.app */,
			);
			name = Products;
			sourceTree = "<group>";
		};
		E33984F52379FA6E00BA8CEA /* xcode.contained */ = {
			isa = PBXGroup;
			children = (
				E33984F62379FA6E00BA8CEA /* AppDelegate.swift */,
				E33984F82379FA6E00BA8CEA /* SceneDelegate.swift */,
				E33984FC2379FA6E00BA8CEA /* Main.storyboard */,
				E339850E2379FBB700BA8CEA /* Info.storyboard */,
				E33985102379FBEF00BA8CEA /* Settings.swift */,
				E3398512237A08B900BA8CEA /* SettingsViewController.swift */,
				E3398514237A08CE00BA8CEA /* GameViewController.swift */,
				E3398518237A5A2B00BA8CEA /* CustomScene.swift */,
				E3398516237A08DA00BA8CEA /* InfoViewController.swift */,
				E33984FF2379FA7100BA8CEA /* Assets.xcassets */,
				E33985012379FA7100BA8CEA /* LaunchScreen.storyboard */,
				E33985042379FA7100BA8CEA /* Info.plist */,
				E339850A2379FB5A00BA8CEA /* Crab.xcassets */,
				E339850C2379FB8D00BA8CEA /* SKSpriteNode+Utility.swift */,
			);
			path = xcode.contained;
			sourceTree = "<group>";
		};
/* End PBXGroup section */

/* Begin PBXNativeTarget section */
		E33984F22379FA6E00BA8CEA /* xcode.contained */ = {
			isa = PBXNativeTarget;
			buildConfigurationList = E33985072379FA7100BA8CEA /* Build configuration list for PBXNativeTarget "xcode.contained" */;
			buildPhases = (
				E33984EF2379FA6E00BA8CEA /* Sources */,
				E33984F02379FA6E00BA8CEA /* Frameworks */,
				E33984F12379FA6E00BA8CEA /* Resources */,
			);
			buildRules = (
			);
			dependencies = (
			);
			name = xcode.contained;
			productName = xcode.contained;
			productReference = E33984F32379FA6E00BA8CEA /* xcode.contained.app */;
			productType = "com.apple.product-type.application";
		};
/* End PBXNativeTarget section */

/* Begin PBXProject section */
		E33984EB2379FA6E00BA8CEA /* Project object */ = {
			isa = PBXProject;
			attributes = {
				LastSwiftUpdateCheck = 1110;
				LastUpgradeCheck = 1110;
				ORGANIZATIONNAME = Lambda_School_Loaner_218;
				TargetAttributes = {
					E33984F22379FA6E00BA8CEA = {
						CreatedOnToolsVersion = 11.1;
					};
				};
			};
			buildConfigurationList = E33984EE2379FA6E00BA8CEA /* Build configuration list for PBXProject "xcode.contained" */;
			compatibilityVersion = "Xcode 9.3";
			developmentRegion = en;
			hasScannedForEncodings = 0;
			knownRegions = (
				en,
				Base,
			);
			mainGroup = E33984EA2379FA6E00BA8CEA;
			productRefGroup = E33984F42379FA6E00BA8CEA /* Products */;
			projectDirPath = "";
			projectRoot = "";
			targets = (
				E33984F22379FA6E00BA8CEA /* xcode.contained */,
			);
		};
/* End PBXProject section */

/* Begin PBXResourcesBuildPhase section */
		E33984F12379FA6E00BA8CEA /* Resources */ = {
			isa = PBXResourcesBuildPhase;
			buildActionMask = 2147483647;
			files = (
				E33985032379FA7100BA8CEA /* LaunchScreen.storyboard in Resources */,
				E339850B2379FB5B00BA8CEA /* Crab.xcassets in Resources */,
				E33985002379FA7100BA8CEA /* Assets.xcassets in Resources */,
				E339850F2379FBB700BA8CEA /* Info.storyboard in Resources */,
				E33984FE2379FA6E00BA8CEA /* Main.storyboard in Resources */,
			);
			runOnlyForDeploymentPostprocessing = 0;
		};
/* End PBXResourcesBuildPhase section */

/* Begin PBXSourcesBuildPhase section */
		E33984EF2379FA6E00BA8CEA /* Sources */ = {
			isa = PBXSourcesBuildPhase;
			buildActionMask = 2147483647;
			files = (
				E339850D2379FB8D00BA8CEA /* SKSpriteNode+Utility.swift in Sources */,
				E33984F72379FA6E00BA8CEA /* AppDelegate.swift in Sources */,
				E33985112379FBEF00BA8CEA /* Settings.swift in Sources */,
				E3398517237A08DA00BA8CEA /* InfoViewController.swift in Sources */,
				E3398513237A08B900BA8CEA /* SettingsViewController.swift in Sources */,
				E3398519237A5A2B00BA8CEA /* CustomScene.swift in Sources */,
				E3398515237A08CE00BA8CEA /* GameViewController.swift in Sources */,
				E33984F92379FA6E00BA8CEA /* SceneDelegate.swift in Sources */,
			);
			runOnlyForDeploymentPostprocessing = 0;
		};
/* End PBXSourcesBuildPhase section */

/* Begin PBXVariantGroup section */
		E33984FC2379FA6E00BA8CEA /* Main.storyboard */ = {
			isa = PBXVariantGroup;
			children = (
				E33984FD2379FA6E00BA8CEA /* Base */,
			);
			name = Main.storyboard;
			sourceTree = "<group>";
		};
		E33985012379FA7100BA8CEA /* LaunchScreen.storyboard */ = {
			isa = PBXVariantGroup;
			children = (
				E33985022379FA7100BA8CEA /* Base */,
			);
			name = LaunchScreen.storyboard;
			sourceTree = "<group>";
		};
/* End PBXVariantGroup section */

/* Begin XCBuildConfiguration section */
		E33985052379FA7100BA8CEA /* Debug */ = {
			isa = XCBuildConfiguration;
			buildSettings = {
				ALWAYS_SEARCH_USER_PATHS = NO;
				CLANG_ANALYZER_NONNULL = YES;
				CLANG_ANALYZER_NUMBER_OBJECT_CONVERSION = YES_AGGRESSIVE;
				CLANG_CXX_LANGUAGE_STANDARD = "gnu++14";
				CLANG_CXX_LIBRARY = "libc++";
				CLANG_ENABLE_MODULES = YES;
				CLANG_ENABLE_OBJC_ARC = YES;
				CLANG_ENABLE_OBJC_WEAK = YES;
				CLANG_WARN_BLOCK_CAPTURE_AUTORELEASING = YES;
				CLANG_WARN_BOOL_CONVERSION = YES;
				CLANG_WARN_COMMA = YES;
				CLANG_WARN_CONSTANT_CONVERSION = YES;
				CLANG_WARN_DEPRECATED_OBJC_IMPLEMENTATIONS = YES;
				CLANG_WARN_DIRECT_OBJC_ISA_USAGE = YES_ERROR;
				CLANG_WARN_DOCUMENTATION_COMMENTS = YES;
				CLANG_WARN_EMPTY_BODY = YES;
				CLANG_WARN_ENUM_CONVERSION = YES;
				CLANG_WARN_INFINITE_RECURSION = YES;
				CLANG_WARN_INT_CONVERSION = YES;
				CLANG_WARN_NON_LITERAL_NULL_CONVERSION = YES;
				CLANG_WARN_OBJC_IMPLICIT_RETAIN_SELF = YES;
				CLANG_WARN_OBJC_LITERAL_CONVERSION = YES;
				CLANG_WARN_OBJC_ROOT_CLASS = YES_ERROR;
				CLANG_WARN_RANGE_LOOP_ANALYSIS = YES;
				CLANG_WARN_STRICT_PROTOTYPES = YES;
				CLANG_WARN_SUSPICIOUS_MOVE = YES;
				CLANG_WARN_UNGUARDED_AVAILABILITY = YES_AGGRESSIVE;
				CLANG_WARN_UNREACHABLE_CODE = YES;
				CLANG_WARN__DUPLICATE_METHOD_MATCH = YES;
				COPY_PHASE_STRIP = NO;
				DEBUG_INFORMATION_FORMAT = dwarf;
				ENABLE_STRICT_OBJC_MSGSEND = YES;
				ENABLE_TESTABILITY = YES;
				GCC_C_LANGUAGE_STANDARD = gnu11;
				GCC_DYNAMIC_NO_PIC = NO;
				GCC_NO_COMMON_BLOCKS = YES;
				GCC_OPTIMIZATION_LEVEL = 0;
				GCC_PREPROCESSOR_DEFINITIONS = (
					"DEBUG=1",
					"$(inherited)",
				);
				GCC_WARN_64_TO_32_BIT_CONVERSION = YES;
				GCC_WARN_ABOUT_RETURN_TYPE = YES_ERROR;
				GCC_WARN_UNDECLARED_SELECTOR = YES;
				GCC_WARN_UNINITIALIZED_AUTOS = YES_AGGRESSIVE;
				GCC_WARN_UNUSED_FUNCTION = YES;
				GCC_WARN_UNUSED_VARIABLE = YES;
				IPHONEOS_DEPLOYMENT_TARGET = 13.1;
				MTL_ENABLE_DEBUG_INFO = INCLUDE_SOURCE;
				MTL_FAST_MATH = YES;
				ONLY_ACTIVE_ARCH = YES;
				SDKROOT = iphoneos;
				SWIFT_ACTIVE_COMPILATION_CONDITIONS = DEBUG;
				SWIFT_OPTIMIZATION_LEVEL = "-Onone";
			};
			name = Debug;
		};
		E33985062379FA7100BA8CEA /* Release */ = {
			isa = XCBuildConfiguration;
			buildSettings = {
				ALWAYS_SEARCH_USER_PATHS = NO;
				CLANG_ANALYZER_NONNULL = YES;
				CLANG_ANALYZER_NUMBER_OBJECT_CONVERSION = YES_AGGRESSIVE;
				CLANG_CXX_LANGUAGE_STANDARD = "gnu++14";
				CLANG_CXX_LIBRARY = "libc++";
				CLANG_ENABLE_MODULES = YES;
				CLANG_ENABLE_OBJC_ARC = YES;
				CLANG_ENABLE_OBJC_WEAK = YES;
				CLANG_WARN_BLOCK_CAPTURE_AUTORELEASING = YES;
				CLANG_WARN_BOOL_CONVERSION = YES;
				CLANG_WARN_COMMA = YES;
				CLANG_WARN_CONSTANT_CONVERSION = YES;
				CLANG_WARN_DEPRECATED_OBJC_IMPLEMENTATIONS = YES;
				CLANG_WARN_DIRECT_OBJC_ISA_USAGE = YES_ERROR;
				CLANG_WARN_DOCUMENTATION_COMMENTS = YES;
				CLANG_WARN_EMPTY_BODY = YES;
				CLANG_WARN_ENUM_CONVERSION = YES;
				CLANG_WARN_INFINITE_RECURSION = YES;
				CLANG_WARN_INT_CONVERSION = YES;
				CLANG_WARN_NON_LITERAL_NULL_CONVERSION = YES;
				CLANG_WARN_OBJC_IMPLICIT_RETAIN_SELF = YES;
				CLANG_WARN_OBJC_LITERAL_CONVERSION = YES;
				CLANG_WARN_OBJC_ROOT_CLASS = YES_ERROR;
				CLANG_WARN_RANGE_LOOP_ANALYSIS = YES;
				CLANG_WARN_STRICT_PROTOTYPES = YES;
				CLANG_WARN_SUSPICIOUS_MOVE = YES;
				CLANG_WARN_UNGUARDED_AVAILABILITY = YES_AGGRESSIVE;
				CLANG_WARN_UNREACHABLE_CODE = YES;
				CLANG_WARN__DUPLICATE_METHOD_MATCH = YES;
				COPY_PHASE_STRIP = NO;
				DEBUG_INFORMATION_FORMAT = "dwarf-with-dsym";
				ENABLE_NS_ASSERTIONS = NO;
				ENABLE_STRICT_OBJC_MSGSEND = YES;
				GCC_C_LANGUAGE_STANDARD = gnu11;
				GCC_NO_COMMON_BLOCKS = YES;
				GCC_WARN_64_TO_32_BIT_CONVERSION = YES;
				GCC_WARN_ABOUT_RETURN_TYPE = YES_ERROR;
				GCC_WARN_UNDECLARED_SELECTOR = YES;
				GCC_WARN_UNINITIALIZED_AUTOS = YES_AGGRESSIVE;
				GCC_WARN_UNUSED_FUNCTION = YES;
				GCC_WARN_UNUSED_VARIABLE = YES;
				IPHONEOS_DEPLOYMENT_TARGET = 13.1;
				MTL_ENABLE_DEBUG_INFO = NO;
				MTL_FAST_MATH = YES;
				SDKROOT = iphoneos;
				SWIFT_COMPILATION_MODE = wholemodule;
				SWIFT_OPTIMIZATION_LEVEL = "-O";
				VALIDATE_PRODUCT = YES;
			};
			name = Release;
		};
		E33985082379FA7100BA8CEA /* Debug */ = {
			isa = XCBuildConfiguration;
			buildSettings = {
				ASSETCATALOG_COMPILER_APPICON_NAME = AppIcon;
				CODE_SIGN_STYLE = Automatic;
				INFOPLIST_FILE = xcode.contained/Info.plist;
				LD_RUNPATH_SEARCH_PATHS = (
					"$(inherited)",
					"@executable_path/Frameworks",
				);
				PRODUCT_BUNDLE_IDENTIFIER = "com.Lambda-Shool-learner.xcode-contained";
				PRODUCT_NAME = "$(TARGET_NAME)";
				SWIFT_VERSION = 5.0;
				TARGETED_DEVICE_FAMILY = "1,2";
			};
			name = Debug;
		};
		E33985092379FA7100BA8CEA /* Release */ = {
			isa = XCBuildConfiguration;
			buildSettings = {
				ASSETCATALOG_COMPILER_APPICON_NAME = AppIcon;
				CODE_SIGN_STYLE = Automatic;
				INFOPLIST_FILE = xcode.contained/Info.plist;
				LD_RUNPATH_SEARCH_PATHS = (
					"$(inherited)",
					"@executable_path/Frameworks",
				);
				PRODUCT_BUNDLE_IDENTIFIER = "com.Lambda-Shool-learner.xcode-contained";
				PRODUCT_NAME = "$(TARGET_NAME)";
				SWIFT_VERSION = 5.0;
				TARGETED_DEVICE_FAMILY = "1,2";
			};
			name = Release;
		};
/* End XCBuildConfiguration section */

/* Begin XCConfigurationList section */
		E33984EE2379FA6E00BA8CEA /* Build configuration list for PBXProject "xcode.contained" */ = {
			isa = XCConfigurationList;
			buildConfigurations = (
				E33985052379FA7100BA8CEA /* Debug */,
				E33985062379FA7100BA8CEA /* Release */,
			);
			defaultConfigurationIsVisible = 0;
			defaultConfigurationName = Release;
		};
		E33985072379FA7100BA8CEA /* Build configuration list for PBXNativeTarget "xcode.contained" */ = {
			isa = XCConfigurationList;
			buildConfigurations = (
				E33985082379FA7100BA8CEA /* Debug */,
				E33985092379FA7100BA8CEA /* Release */,
			);
			defaultConfigurationIsVisible = 0;
			defaultConfigurationName = Release;
		};
/* End XCConfigurationList section */
	};
	rootObject = E33984EB2379FA6E00BA8CEA /* Project object */;
}
